// !$*UTF8*$!
{
	archiveVersion = 1;
	classes = {
	};
	objectVersion = 50;
	objects = {

/* Begin PBXBuildFile section */
		2B0FCDF6264A644900B1CFAB /* ImageHelper.swift in Sources */ = {isa = PBXBuildFile; fileRef = 2B0FCDF5264A644900B1CFAB /* ImageHelper.swift */; };
		2B0FCDF8264A7A6F00B1CFAB /* Home.swift in Sources */ = {isa = PBXBuildFile; fileRef = 2B0FCDF7264A7A6F00B1CFAB /* Home.swift */; };
		2B12B8B526480A3000097E66 /* AppDelegate.swift in Sources */ = {isa = PBXBuildFile; fileRef = 2B12B8B426480A3000097E66 /* AppDelegate.swift */; };
		2B12B8BC26480A3000097E66 /* Main.storyboard in Resources */ = {isa = PBXBuildFile; fileRef = 2B12B8BA26480A3000097E66 /* Main.storyboard */; };
		2B12B8BE26480A3100097E66 /* Assets.xcassets in Resources */ = {isa = PBXBuildFile; fileRef = 2B12B8BD26480A3100097E66 /* Assets.xcassets */; };
		2B12B8C126480A3100097E66 /* LaunchScreen.storyboard in Resources */ = {isa = PBXBuildFile; fileRef = 2B12B8BF26480A3100097E66 /* LaunchScreen.storyboard */; };
		2B12B8CC26480A3100097E66 /* Homegate_tTests.swift in Sources */ = {isa = PBXBuildFile; fileRef = 2B12B8CB26480A3100097E66 /* Homegate_tTests.swift */; };
		2B12B8E826480BF300097E66 /* Coordinator.swift in Sources */ = {isa = PBXBuildFile; fileRef = 2B12B8E726480BF300097E66 /* Coordinator.swift */; };
		2B12B8EA26480D4400097E66 /* Storyboarded.swift in Sources */ = {isa = PBXBuildFile; fileRef = 2B12B8E926480D4400097E66 /* Storyboarded.swift */; };
		2B12B8EC26480D6700097E66 /* MainCoordinator.swift in Sources */ = {isa = PBXBuildFile; fileRef = 2B12B8EB26480D6700097E66 /* MainCoordinator.swift */; };
		2B12B8EE26480DE300097E66 /* HomesCVC.swift in Sources */ = {isa = PBXBuildFile; fileRef = 2B12B8ED26480DE300097E66 /* HomesCVC.swift */; };
		2B12B8F02648100900097E66 /* HomeCell.swift in Sources */ = {isa = PBXBuildFile; fileRef = 2B12B8EF2648100900097E66 /* HomeCell.swift */; };
		2B12B8F6264886EE00097E66 /* BlockingScreen.swift in Sources */ = {isa = PBXBuildFile; fileRef = 2B12B8F4264886EE00097E66 /* BlockingScreen.swift */; };
		2B12B8F7264886EE00097E66 /* AlertHelper.swift in Sources */ = {isa = PBXBuildFile; fileRef = 2B12B8F5264886EE00097E66 /* AlertHelper.swift */; };
		2B12B8FA2648870C00097E66 /* UserDefaultsHelper.swift in Sources */ = {isa = PBXBuildFile; fileRef = 2B12B8F92648870C00097E66 /* UserDefaultsHelper.swift */; };
		2B12B9002648872100097E66 /* NetworkService.swift in Sources */ = {isa = PBXBuildFile; fileRef = 2B12B8FC2648872100097E66 /* NetworkService.swift */; };
		2B12B9022648872100097E66 /* HomesService.swift in Sources */ = {isa = PBXBuildFile; fileRef = 2B12B8FE2648872100097E66 /* HomesService.swift */; };
		2B12B9032648872100097E66 /* NetworkError.swift in Sources */ = {isa = PBXBuildFile; fileRef = 2B12B8FF2648872100097E66 /* NetworkError.swift */; };
		2B12B90B2649367600097E66 /* HomeVM.swift in Sources */ = {isa = PBXBuildFile; fileRef = 2B12B90A2649367600097E66 /* HomeVM.swift */; };
		2B12B90D2649368E00097E66 /* HomesVM.swift in Sources */ = {isa = PBXBuildFile; fileRef = 2B12B90C2649368E00097E66 /* HomesVM.swift */; };
		2B12B90F264936DD00097E66 /* HomeResponse.swift in Sources */ = {isa = PBXBuildFile; fileRef = 2B12B90E264936DD00097E66 /* HomeResponse.swift */; };
		2B12B911264936EB00097E66 /* HomeItemResponse.swift in Sources */ = {isa = PBXBuildFile; fileRef = 2B12B910264936EB00097E66 /* HomeItemResponse.swift */; };
		2B12B91326494D7300097E66 /* HomeImageView.swift in Sources */ = {isa = PBXBuildFile; fileRef = 2B12B91226494D7300097E66 /* HomeImageView.swift */; };
		2BDD2408264AA9DC001DD512 /* HomeImageVM.swift in Sources */ = {isa = PBXBuildFile; fileRef = 2BDD2407264AA9DC001DD512 /* HomeImageVM.swift */; };
		2BDD240A264AAF57001DD512 /* homesMOC.json in Resources */ = {isa = PBXBuildFile; fileRef = 2BDD2409264AAF57001DD512 /* homesMOC.json */; };
		2BDD240B264AAF62001DD512 /* homesMOC.json in Resources */ = {isa = PBXBuildFile; fileRef = 2BDD2409264AAF57001DD512 /* homesMOC.json */; };
		2BDD240D264B0E9A001DD512 /* HomegateLbl.swift in Sources */ = {isa = PBXBuildFile; fileRef = 2BDD240C264B0E9A001DD512 /* HomegateLbl.swift */; };
/* End PBXBuildFile section */

/* Begin PBXContainerItemProxy section */
		2B12B8C826480A3100097E66 /* PBXContainerItemProxy */ = {
			isa = PBXContainerItemProxy;
			containerPortal = 2B12B8A926480A3000097E66 /* Project object */;
			proxyType = 1;
			remoteGlobalIDString = 2B12B8B026480A3000097E66;
			remoteInfo = Homegate_t;
		};
/* End PBXContainerItemProxy section */

/* Begin PBXFileReference section */
		2B0FCDF5264A644900B1CFAB /* ImageHelper.swift */ = {isa = PBXFileReference; lastKnownFileType = sourcecode.swift; path = ImageHelper.swift; sourceTree = "<group>"; };
		2B0FCDF7264A7A6F00B1CFAB /* Home.swift */ = {isa = PBXFileReference; lastKnownFileType = sourcecode.swift; path = Home.swift; sourceTree = "<group>"; };
		2B12B8B126480A3000097E66 /* Homegate_t.app */ = {isa = PBXFileReference; explicitFileType = wrapper.application; includeInIndex = 0; path = Homegate_t.app; sourceTree = BUILT_PRODUCTS_DIR; };
		2B12B8B426480A3000097E66 /* AppDelegate.swift */ = {isa = PBXFileReference; lastKnownFileType = sourcecode.swift; path = AppDelegate.swift; sourceTree = "<group>"; };
		2B12B8BB26480A3000097E66 /* Base */ = {isa = PBXFileReference; lastKnownFileType = file.storyboard; name = Base; path = Base.lproj/Main.storyboard; sourceTree = "<group>"; };
		2B12B8BD26480A3100097E66 /* Assets.xcassets */ = {isa = PBXFileReference; lastKnownFileType = folder.assetcatalog; path = Assets.xcassets; sourceTree = "<group>"; };
		2B12B8C026480A3100097E66 /* Base */ = {isa = PBXFileReference; lastKnownFileType = file.storyboard; name = Base; path = Base.lproj/LaunchScreen.storyboard; sourceTree = "<group>"; };
		2B12B8C226480A3100097E66 /* Info.plist */ = {isa = PBXFileReference; lastKnownFileType = text.plist.xml; path = Info.plist; sourceTree = "<group>"; };
		2B12B8C726480A3100097E66 /* Homegate_tTests.xctest */ = {isa = PBXFileReference; explicitFileType = wrapper.cfbundle; includeInIndex = 0; path = Homegate_tTests.xctest; sourceTree = BUILT_PRODUCTS_DIR; };
		2B12B8CB26480A3100097E66 /* Homegate_tTests.swift */ = {isa = PBXFileReference; lastKnownFileType = sourcecode.swift; path = Homegate_tTests.swift; sourceTree = "<group>"; };
		2B12B8CD26480A3100097E66 /* Info.plist */ = {isa = PBXFileReference; lastKnownFileType = text.plist.xml; path = Info.plist; sourceTree = "<group>"; };
		2B12B8E726480BF300097E66 /* Coordinator.swift */ = {isa = PBXFileReference; lastKnownFileType = sourcecode.swift; path = Coordinator.swift; sourceTree = "<group>"; };
		2B12B8E926480D4400097E66 /* Storyboarded.swift */ = {isa = PBXFileReference; lastKnownFileType = sourcecode.swift; path = Storyboarded.swift; sourceTree = "<group>"; };
		2B12B8EB26480D6700097E66 /* MainCoordinator.swift */ = {isa = PBXFileReference; lastKnownFileType = sourcecode.swift; path = MainCoordinator.swift; sourceTree = "<group>"; };
		2B12B8ED26480DE300097E66 /* HomesCVC.swift */ = {isa = PBXFileReference; lastKnownFileType = sourcecode.swift; path = HomesCVC.swift; sourceTree = "<group>"; };
		2B12B8EF2648100900097E66 /* HomeCell.swift */ = {isa = PBXFileReference; lastKnownFileType = sourcecode.swift; path = HomeCell.swift; sourceTree = "<group>"; };
		2B12B8F4264886EE00097E66 /* BlockingScreen.swift */ = {isa = PBXFileReference; fileEncoding = 4; lastKnownFileType = sourcecode.swift; path = BlockingScreen.swift; sourceTree = "<group>"; };
		2B12B8F5264886EE00097E66 /* AlertHelper.swift */ = {isa = PBXFileReference; fileEncoding = 4; lastKnownFileType = sourcecode.swift; path = AlertHelper.swift; sourceTree = "<group>"; };
		2B12B8F92648870C00097E66 /* UserDefaultsHelper.swift */ = {isa = PBXFileReference; fileEncoding = 4; lastKnownFileType = sourcecode.swift; path = UserDefaultsHelper.swift; sourceTree = "<group>"; };
		2B12B8FC2648872100097E66 /* NetworkService.swift */ = {isa = PBXFileReference; fileEncoding = 4; lastKnownFileType = sourcecode.swift; path = NetworkService.swift; sourceTree = "<group>"; };
		2B12B8FE2648872100097E66 /* HomesService.swift */ = {isa = PBXFileReference; fileEncoding = 4; lastKnownFileType = sourcecode.swift; path = HomesService.swift; sourceTree = "<group>"; };
		2B12B8FF2648872100097E66 /* NetworkError.swift */ = {isa = PBXFileReference; fileEncoding = 4; lastKnownFileType = sourcecode.swift; path = NetworkError.swift; sourceTree = "<group>"; };
		2B12B90A2649367600097E66 /* HomeVM.swift */ = {isa = PBXFileReference; lastKnownFileType = sourcecode.swift; path = HomeVM.swift; sourceTree = "<group>"; };
		2B12B90C2649368E00097E66 /* HomesVM.swift */ = {isa = PBXFileReference; lastKnownFileType = sourcecode.swift; path = HomesVM.swift; sourceTree = "<group>"; };
		2B12B90E264936DD00097E66 /* HomeResponse.swift */ = {isa = PBXFileReference; lastKnownFileType = sourcecode.swift; path = HomeResponse.swift; sourceTree = "<group>"; };
		2B12B910264936EB00097E66 /* HomeItemResponse.swift */ = {isa = PBXFileReference; lastKnownFileType = sourcecode.swift; path = HomeItemResponse.swift; sourceTree = "<group>"; };
		2B12B91226494D7300097E66 /* HomeImageView.swift */ = {isa = PBXFileReference; lastKnownFileType = sourcecode.swift; path = HomeImageView.swift; sourceTree = "<group>"; };
		2BDD2407264AA9DC001DD512 /* HomeImageVM.swift */ = {isa = PBXFileReference; lastKnownFileType = sourcecode.swift; path = HomeImageVM.swift; sourceTree = "<group>"; };
		2BDD2409264AAF57001DD512 /* homesMOC.json */ = {isa = PBXFileReference; fileEncoding = 4; lastKnownFileType = text.json; path = homesMOC.json; sourceTree = "<group>"; };
		2BDD240C264B0E9A001DD512 /* HomegateLbl.swift */ = {isa = PBXFileReference; lastKnownFileType = sourcecode.swift; path = HomegateLbl.swift; sourceTree = "<group>"; };
/* End PBXFileReference section */

/* Begin PBXFrameworksBuildPhase section */
		2B12B8AE26480A3000097E66 /* Frameworks */ = {
			isa = PBXFrameworksBuildPhase;
			buildActionMask = 2147483647;
			files = (
			);
			runOnlyForDeploymentPostprocessing = 0;
		};
		2B12B8C426480A3100097E66 /* Frameworks */ = {
			isa = PBXFrameworksBuildPhase;
			buildActionMask = 2147483647;
			files = (
			);
			runOnlyForDeploymentPostprocessing = 0;
		};
/* End PBXFrameworksBuildPhase section */

/* Begin PBXGroup section */
		2B12B8A826480A3000097E66 = {
			isa = PBXGroup;
			children = (
				2B12B8B326480A3000097E66 /* Homegate_t */,
				2B12B8CA26480A3100097E66 /* Homegate_tTests */,
				2B12B8B226480A3000097E66 /* Products */,
			);
			sourceTree = "<group>";
		};
		2B12B8B226480A3000097E66 /* Products */ = {
			isa = PBXGroup;
			children = (
				2B12B8B126480A3000097E66 /* Homegate_t.app */,
				2B12B8C726480A3100097E66 /* Homegate_tTests.xctest */,
			);
			name = Products;
			sourceTree = "<group>";
		};
		2B12B8B326480A3000097E66 /* Homegate_t */ = {
			isa = PBXGroup;
			children = (
				2B12B8E426480A5800097E66 /* App */,
				2B12B9092648876000097E66 /* Models */,
				2B12B9082648875400097E66 /* Views */,
				2B12B9072648874C00097E66 /* ViewControllers */,
				2B12B9062648874200097E66 /* ViewModels */,
				2B12B8E526480BBD00097E66 /* Lib */,
				2B12B8E626480BD000097E66 /* Resources */,
			);
			path = Homegate_t;
			sourceTree = "<group>";
		};
		2B12B8CA26480A3100097E66 /* Homegate_tTests */ = {
			isa = PBXGroup;
			children = (
				2BDD2409264AAF57001DD512 /* homesMOC.json */,
				2B12B8CB26480A3100097E66 /* Homegate_tTests.swift */,
				2B12B8CD26480A3100097E66 /* Info.plist */,
			);
			path = Homegate_tTests;
			sourceTree = "<group>";
		};
		2B12B8E426480A5800097E66 /* App */ = {
			isa = PBXGroup;
			children = (
				2B12B8B426480A3000097E66 /* AppDelegate.swift */,
				2B12B8C226480A3100097E66 /* Info.plist */,
			);
			path = App;
			sourceTree = "<group>";
		};
		2B12B8E526480BBD00097E66 /* Lib */ = {
			isa = PBXGroup;
			children = (
				2B12B8FB2648870F00097E66 /* Networking */,
				2B12B8F8264886FF00097E66 /* Persistance */,
				2B12B8F3264886E500097E66 /* UI */,
				2B12B8E726480BF300097E66 /* Coordinator.swift */,
				2B12B8EB26480D6700097E66 /* MainCoordinator.swift */,
				2B12B8E926480D4400097E66 /* Storyboarded.swift */,
				2B0FCDF5264A644900B1CFAB /* ImageHelper.swift */,
			);
			path = Lib;
			sourceTree = "<group>";
		};
		2B12B8E626480BD000097E66 /* Resources */ = {
			isa = PBXGroup;
			children = (
				2B12B8BA26480A3000097E66 /* Main.storyboard */,
				2B12B8BD26480A3100097E66 /* Assets.xcassets */,
				2B12B8BF26480A3100097E66 /* LaunchScreen.storyboard */,
			);
			path = Resources;
			sourceTree = "<group>";
		};
		2B12B8F3264886E500097E66 /* UI */ = {
			isa = PBXGroup;
			children = (
				2B12B8F5264886EE00097E66 /* AlertHelper.swift */,
				2B12B8F4264886EE00097E66 /* BlockingScreen.swift */,
			);
			path = UI;
			sourceTree = "<group>";
		};
		2B12B8F8264886FF00097E66 /* Persistance */ = {
			isa = PBXGroup;
			children = (
				2B12B8F92648870C00097E66 /* UserDefaultsHelper.swift */,
			);
			path = Persistance;
			sourceTree = "<group>";
		};
		2B12B8FB2648870F00097E66 /* Networking */ = {
			isa = PBXGroup;
			children = (
				2B12B9052648873300097E66 /* ResponseObjects */,
				2B12B8FE2648872100097E66 /* HomesService.swift */,
				2B12B8FF2648872100097E66 /* NetworkError.swift */,
				2B12B8FC2648872100097E66 /* NetworkService.swift */,
			);
			path = Networking;
			sourceTree = "<group>";
		};
		2B12B9052648873300097E66 /* ResponseObjects */ = {
			isa = PBXGroup;
			children = (
				2B12B90E264936DD00097E66 /* HomeResponse.swift */,
				2B12B910264936EB00097E66 /* HomeItemResponse.swift */,
			);
			path = ResponseObjects;
			sourceTree = "<group>";
		};
		2B12B9062648874200097E66 /* ViewModels */ = {
			isa = PBXGroup;
			children = (
				2B12B90A2649367600097E66 /* HomeVM.swift */,
				2B12B90C2649368E00097E66 /* HomesVM.swift */,
				2BDD2407264AA9DC001DD512 /* HomeImageVM.swift */,
			);
			path = ViewModels;
			sourceTree = "<group>";
		};
		2B12B9072648874C00097E66 /* ViewControllers */ = {
			isa = PBXGroup;
			children = (
				2B12B8ED26480DE300097E66 /* HomesCVC.swift */,
			);
			path = ViewControllers;
			sourceTree = "<group>";
		};
		2B12B9082648875400097E66 /* Views */ = {
			isa = PBXGroup;
			children = (
				2B12B8EF2648100900097E66 /* HomeCell.swift */,
				2B12B91226494D7300097E66 /* HomeImageView.swift */,
				2BDD240C264B0E9A001DD512 /* HomegateLbl.swift */,
			);
			path = Views;
			sourceTree = "<group>";
		};
		2B12B9092648876000097E66 /* Models */ = {
			isa = PBXGroup;
			children = (
				2B0FCDF7264A7A6F00B1CFAB /* Home.swift */,
			);
			path = Models;
			sourceTree = "<group>";
		};
/* End PBXGroup section */

/* Begin PBXNativeTarget section */
		2B12B8B026480A3000097E66 /* Homegate_t */ = {
			isa = PBXNativeTarget;
			buildConfigurationList = 2B12B8DB26480A3100097E66 /* Build configuration list for PBXNativeTarget "Homegate_t" */;
			buildPhases = (
				2B12B8AD26480A3000097E66 /* Sources */,
				2B12B8AE26480A3000097E66 /* Frameworks */,
				2B12B8AF26480A3000097E66 /* Resources */,
			);
			buildRules = (
			);
			dependencies = (
			);
			name = Homegate_t;
			productName = Homegate_t;
			productReference = 2B12B8B126480A3000097E66 /* Homegate_t.app */;
			productType = "com.apple.product-type.application";
		};
		2B12B8C626480A3100097E66 /* Homegate_tTests */ = {
			isa = PBXNativeTarget;
			buildConfigurationList = 2B12B8DE26480A3100097E66 /* Build configuration list for PBXNativeTarget "Homegate_tTests" */;
			buildPhases = (
				2B12B8C326480A3100097E66 /* Sources */,
				2B12B8C426480A3100097E66 /* Frameworks */,
				2B12B8C526480A3100097E66 /* Resources */,
			);
			buildRules = (
			);
			dependencies = (
				2B12B8C926480A3100097E66 /* PBXTargetDependency */,
			);
			name = Homegate_tTests;
			productName = Homegate_tTests;
			productReference = 2B12B8C726480A3100097E66 /* Homegate_tTests.xctest */;
			productType = "com.apple.product-type.bundle.unit-test";
		};
/* End PBXNativeTarget section */

/* Begin PBXProject section */
		2B12B8A926480A3000097E66 /* Project object */ = {
			isa = PBXProject;
			attributes = {
				LastSwiftUpdateCheck = 1250;
				LastUpgradeCheck = 1250;
				TargetAttributes = {
					2B12B8B026480A3000097E66 = {
						CreatedOnToolsVersion = 12.5;
					};
					2B12B8C626480A3100097E66 = {
						CreatedOnToolsVersion = 12.5;
						TestTargetID = 2B12B8B026480A3000097E66;
					};
				};
			};
			buildConfigurationList = 2B12B8AC26480A3000097E66 /* Build configuration list for PBXProject "Homegate_t" */;
			compatibilityVersion = "Xcode 9.3";
			developmentRegion = en;
			hasScannedForEncodings = 0;
			knownRegions = (
				en,
				Base,
			);
			mainGroup = 2B12B8A826480A3000097E66;
			productRefGroup = 2B12B8B226480A3000097E66 /* Products */;
			projectDirPath = "";
			projectRoot = "";
			targets = (
				2B12B8B026480A3000097E66 /* Homegate_t */,
				2B12B8C626480A3100097E66 /* Homegate_tTests */,
			);
		};
/* End PBXProject section */

/* Begin PBXResourcesBuildPhase section */
		2B12B8AF26480A3000097E66 /* Resources */ = {
			isa = PBXResourcesBuildPhase;
			buildActionMask = 2147483647;
			files = (
				2BDD240B264AAF62001DD512 /* homesMOC.json in Resources */,
				2B12B8C126480A3100097E66 /* LaunchScreen.storyboard in Resources */,
				2B12B8BE26480A3100097E66 /* Assets.xcassets in Resources */,
				2B12B8BC26480A3000097E66 /* Main.storyboard in Resources */,
			);
			runOnlyForDeploymentPostprocessing = 0;
		};
		2B12B8C526480A3100097E66 /* Resources */ = {
			isa = PBXResourcesBuildPhase;
			buildActionMask = 2147483647;
			files = (
				2BDD240A264AAF57001DD512 /* homesMOC.json in Resources */,
			);
			runOnlyForDeploymentPostprocessing = 0;
		};
/* End PBXResourcesBuildPhase section */

/* Begin PBXSourcesBuildPhase section */
		2B12B8AD26480A3000097E66 /* Sources */ = {
			isa = PBXSourcesBuildPhase;
			buildActionMask = 2147483647;
			files = (
				2B12B9002648872100097E66 /* NetworkService.swift in Sources */,
				2B12B8FA2648870C00097E66 /* UserDefaultsHelper.swift in Sources */,
				2BDD2408264AA9DC001DD512 /* HomeImageVM.swift in Sources */,
				2B0FCDF8264A7A6F00B1CFAB /* Home.swift in Sources */,
				2B12B8F6264886EE00097E66 /* BlockingScreen.swift in Sources */,
				2B12B9022648872100097E66 /* HomesService.swift in Sources */,
				2B12B90D2649368E00097E66 /* HomesVM.swift in Sources */,
				2B12B91326494D7300097E66 /* HomeImageView.swift in Sources */,
				2B12B90F264936DD00097E66 /* HomeResponse.swift in Sources */,
				2B0FCDF6264A644900B1CFAB /* ImageHelper.swift in Sources */,
				2B12B8E826480BF300097E66 /* Coordinator.swift in Sources */,
				2B12B8EC26480D6700097E66 /* MainCoordinator.swift in Sources */,
				2B12B8F02648100900097E66 /* HomeCell.swift in Sources */,
				2BDD240D264B0E9A001DD512 /* HomegateLbl.swift in Sources */,
				2B12B8F7264886EE00097E66 /* AlertHelper.swift in Sources */,
				2B12B90B2649367600097E66 /* HomeVM.swift in Sources */,
				2B12B911264936EB00097E66 /* HomeItemResponse.swift in Sources */,
				2B12B8B526480A3000097E66 /* AppDelegate.swift in Sources */,
				2B12B9032648872100097E66 /* NetworkError.swift in Sources */,
				2B12B8EA26480D4400097E66 /* Storyboarded.swift in Sources */,
				2B12B8EE26480DE300097E66 /* HomesCVC.swift in Sources */,
			);
			runOnlyForDeploymentPostprocessing = 0;
		};
		2B12B8C326480A3100097E66 /* Sources */ = {
			isa = PBXSourcesBuildPhase;
			buildActionMask = 2147483647;
			files = (
				2B12B8CC26480A3100097E66 /* Homegate_tTests.swift in Sources */,
			);
			runOnlyForDeploymentPostprocessing = 0;
		};
/* End PBXSourcesBuildPhase section */

/* Begin PBXTargetDependency section */
		2B12B8C926480A3100097E66 /* PBXTargetDependency */ = {
			isa = PBXTargetDependency;
			target = 2B12B8B026480A3000097E66 /* Homegate_t */;
			targetProxy = 2B12B8C826480A3100097E66 /* PBXContainerItemProxy */;
		};
/* End PBXTargetDependency section */

/* Begin PBXVariantGroup section */
		2B12B8BA26480A3000097E66 /* Main.storyboard */ = {
			isa = PBXVariantGroup;
			children = (
				2B12B8BB26480A3000097E66 /* Base */,
			);
			name = Main.storyboard;
			sourceTree = "<group>";
		};
		2B12B8BF26480A3100097E66 /* LaunchScreen.storyboard */ = {
			isa = PBXVariantGroup;
			children = (
				2B12B8C026480A3100097E66 /* Base */,
			);
			name = LaunchScreen.storyboard;
			sourceTree = "<group>";
		};
/* End PBXVariantGroup section */

/* Begin XCBuildConfiguration section */
		2B12B8D926480A3100097E66 /* Debug */ = {
			isa = XCBuildConfiguration;
			buildSettings = {
				ALWAYS_SEARCH_USER_PATHS = NO;
				CLANG_ANALYZER_NONNULL = YES;
				CLANG_ANALYZER_NUMBER_OBJECT_CONVERSION = YES_AGGRESSIVE;
				CLANG_CXX_LANGUAGE_STANDARD = "gnu++14";
				CLANG_CXX_LIBRARY = "libc++";
				CLANG_ENABLE_MODULES = YES;
				CLANG_ENABLE_OBJC_ARC = YES;
				CLANG_ENABLE_OBJC_WEAK = YES;
				CLANG_WARN_BLOCK_CAPTURE_AUTORELEASING = YES;
				CLANG_WARN_BOOL_CONVERSION = YES;
				CLANG_WARN_COMMA = YES;
				CLANG_WARN_CONSTANT_CONVERSION = YES;
				CLANG_WARN_DEPRECATED_OBJC_IMPLEMENTATIONS = YES;
				CLANG_WARN_DIRECT_OBJC_ISA_USAGE = YES_ERROR;
				CLANG_WARN_DOCUMENTATION_COMMENTS = YES;
				CLANG_WARN_EMPTY_BODY = YES;
				CLANG_WARN_ENUM_CONVERSION = YES;
				CLANG_WARN_INFINITE_RECURSION = YES;
				CLANG_WARN_INT_CONVERSION = YES;
				CLANG_WARN_NON_LITERAL_NULL_CONVERSION = YES;
				CLANG_WARN_OBJC_IMPLICIT_RETAIN_SELF = YES;
				CLANG_WARN_OBJC_LITERAL_CONVERSION = YES;
				CLANG_WARN_OBJC_ROOT_CLASS = YES_ERROR;
				CLANG_WARN_QUOTED_INCLUDE_IN_FRAMEWORK_HEADER = YES;
				CLANG_WARN_RANGE_LOOP_ANALYSIS = YES;
				CLANG_WARN_STRICT_PROTOTYPES = YES;
				CLANG_WARN_SUSPICIOUS_MOVE = YES;
				CLANG_WARN_UNGUARDED_AVAILABILITY = YES_AGGRESSIVE;
				CLANG_WARN_UNREACHABLE_CODE = YES;
				CLANG_WARN__DUPLICATE_METHOD_MATCH = YES;
				COPY_PHASE_STRIP = NO;
				DEBUG_INFORMATION_FORMAT = dwarf;
				ENABLE_STRICT_OBJC_MSGSEND = YES;
				ENABLE_TESTABILITY = YES;
				GCC_C_LANGUAGE_STANDARD = gnu11;
				GCC_DYNAMIC_NO_PIC = NO;
				GCC_NO_COMMON_BLOCKS = YES;
				GCC_OPTIMIZATION_LEVEL = 0;
				GCC_PREPROCESSOR_DEFINITIONS = (
					"DEBUG=1",
					"$(inherited)",
				);
				GCC_WARN_64_TO_32_BIT_CONVERSION = YES;
				GCC_WARN_ABOUT_RETURN_TYPE = YES_ERROR;
				GCC_WARN_UNDECLARED_SELECTOR = YES;
				GCC_WARN_UNINITIALIZED_AUTOS = YES_AGGRESSIVE;
				GCC_WARN_UNUSED_FUNCTION = YES;
				GCC_WARN_UNUSED_VARIABLE = YES;
				IPHONEOS_DEPLOYMENT_TARGET = 14.3;
				MTL_ENABLE_DEBUG_INFO = INCLUDE_SOURCE;
				MTL_FAST_MATH = YES;
				ONLY_ACTIVE_ARCH = YES;
				SDKROOT = iphoneos;
				SWIFT_ACTIVE_COMPILATION_CONDITIONS = DEBUG;
				SWIFT_OPTIMIZATION_LEVEL = "-Onone";
			};
			name = Debug;
		};
		2B12B8DA26480A3100097E66 /* Release */ = {
			isa = XCBuildConfiguration;
			buildSettings = {
				ALWAYS_SEARCH_USER_PATHS = NO;
				CLANG_ANALYZER_NONNULL = YES;
				CLANG_ANALYZER_NUMBER_OBJECT_CONVERSION = YES_AGGRESSIVE;
				CLANG_CXX_LANGUAGE_STANDARD = "gnu++14";
				CLANG_CXX_LIBRARY = "libc++";
				CLANG_ENABLE_MODULES = YES;
				CLANG_ENABLE_OBJC_ARC = YES;
				CLANG_ENABLE_OBJC_WEAK = YES;
				CLANG_WARN_BLOCK_CAPTURE_AUTORELEASING = YES;
				CLANG_WARN_BOOL_CONVERSION = YES;
				CLANG_WARN_COMMA = YES;
				CLANG_WARN_CONSTANT_CONVERSION = YES;
				CLANG_WARN_DEPRECATED_OBJC_IMPLEMENTATIONS = YES;
				CLANG_WARN_DIRECT_OBJC_ISA_USAGE = YES_ERROR;
				CLANG_WARN_DOCUMENTATION_COMMENTS = YES;
				CLANG_WARN_EMPTY_BODY = YES;
				CLANG_WARN_ENUM_CONVERSION = YES;
				CLANG_WARN_INFINITE_RECURSION = YES;
				CLANG_WARN_INT_CONVERSION = YES;
				CLANG_WARN_NON_LITERAL_NULL_CONVERSION = YES;
				CLANG_WARN_OBJC_IMPLICIT_RETAIN_SELF = YES;
				CLANG_WARN_OBJC_LITERAL_CONVERSION = YES;
				CLANG_WARN_OBJC_ROOT_CLASS = YES_ERROR;
				CLANG_WARN_QUOTED_INCLUDE_IN_FRAMEWORK_HEADER = YES;
				CLANG_WARN_RANGE_LOOP_ANALYSIS = YES;
				CLANG_WARN_STRICT_PROTOTYPES = YES;
				CLANG_WARN_SUSPICIOUS_MOVE = YES;
				CLANG_WARN_UNGUARDED_AVAILABILITY = YES_AGGRESSIVE;
				CLANG_WARN_UNREACHABLE_CODE = YES;
				CLANG_WARN__DUPLICATE_METHOD_MATCH = YES;
				COPY_PHASE_STRIP = NO;
				DEBUG_INFORMATION_FORMAT = "dwarf-with-dsym";
				ENABLE_NS_ASSERTIONS = NO;
				ENABLE_STRICT_OBJC_MSGSEND = YES;
				GCC_C_LANGUAGE_STANDARD = gnu11;
				GCC_NO_COMMON_BLOCKS = YES;
				GCC_WARN_64_TO_32_BIT_CONVERSION = YES;
				GCC_WARN_ABOUT_RETURN_TYPE = YES_ERROR;
				GCC_WARN_UNDECLARED_SELECTOR = YES;
				GCC_WARN_UNINITIALIZED_AUTOS = YES_AGGRESSIVE;
				GCC_WARN_UNUSED_FUNCTION = YES;
				GCC_WARN_UNUSED_VARIABLE = YES;
				IPHONEOS_DEPLOYMENT_TARGET = 14.3;
				MTL_ENABLE_DEBUG_INFO = NO;
				MTL_FAST_MATH = YES;
				SDKROOT = iphoneos;
				SWIFT_COMPILATION_MODE = wholemodule;
				SWIFT_OPTIMIZATION_LEVEL = "-O";
				VALIDATE_PRODUCT = YES;
			};
			name = Release;
		};
		2B12B8DC26480A3100097E66 /* Debug */ = {
			isa = XCBuildConfiguration;
			buildSettings = {
				ASSETCATALOG_COMPILER_APPICON_NAME = AppIcon;
				ASSETCATALOG_COMPILER_GLOBAL_ACCENT_COLOR_NAME = AccentColor;
				CODE_SIGN_IDENTITY = "Apple Development";
				CODE_SIGN_STYLE = Automatic;
				DEVELOPMENT_TEAM = G5ZMJZYMZX;
				INFOPLIST_FILE = Homegate_t/App/Info.plist;
				LD_RUNPATH_SEARCH_PATHS = (
					"$(inherited)",
					"@executable_path/Frameworks",
				);
				PRODUCT_BUNDLE_IDENTIFIER = "com.homegate.paja.Homegate-t";
				PRODUCT_NAME = "$(TARGET_NAME)";
				PROVISIONING_PROFILE_SPECIFIER = "";
				SWIFT_VERSION = 5.0;
				TARGETED_DEVICE_FAMILY = "1,2";
			};
			name = Debug;
		};
		2B12B8DD26480A3100097E66 /* Release */ = {
			isa = XCBuildConfiguration;
			buildSettings = {
				ASSETCATALOG_COMPILER_APPICON_NAME = AppIcon;
				ASSETCATALOG_COMPILER_GLOBAL_ACCENT_COLOR_NAME = AccentColor;
				CODE_SIGN_IDENTITY = "Apple Development";
				CODE_SIGN_STYLE = Automatic;
				DEVELOPMENT_TEAM = G5ZMJZYMZX;
				INFOPLIST_FILE = Homegate_t/App/Info.plist;
				LD_RUNPATH_SEARCH_PATHS = (
					"$(inherited)",
					"@executable_path/Frameworks",
				);
				PRODUCT_BUNDLE_IDENTIFIER = "com.homegate.paja.Homegate-t";
				PRODUCT_NAME = "$(TARGET_NAME)";
				PROVISIONING_PROFILE_SPECIFIER = "";
				SWIFT_VERSION = 5.0;
				TARGETED_DEVICE_FAMILY = "1,2";
			};
			name = Release;
		};
		2B12B8DF26480A3100097E66 /* Debug */ = {
			isa = XCBuildConfiguration;
			buildSettings = {
				ALWAYS_EMBED_SWIFT_STANDARD_LIBRARIES = YES;
				BUNDLE_LOADER = "$(TEST_HOST)";
				CODE_SIGN_STYLE = Automatic;
				INFOPLIST_FILE = Homegate_tTests/Info.plist;
				IPHONEOS_DEPLOYMENT_TARGET = 14.5;
				LD_RUNPATH_SEARCH_PATHS = (
					"$(inherited)",
					"@executable_path/Frameworks",
					"@loader_path/Frameworks",
				);
				PRODUCT_BUNDLE_IDENTIFIER = "com.homegate.paja.Homegate-tTests";
				PRODUCT_NAME = "$(TARGET_NAME)";
				SWIFT_VERSION = 5.0;
				TARGETED_DEVICE_FAMILY = "1,2";
				TEST_HOST = "$(BUILT_PRODUCTS_DIR)/Homegate_t.app/Homegate_t";
			};
			name = Debug;
		};
		2B12B8E026480A3100097E66 /* Release */ = {
			isa = XCBuildConfiguration;
			buildSettings = {
				ALWAYS_EMBED_SWIFT_STANDARD_LIBRARIES = YES;
				BUNDLE_LOADER = "$(TEST_HOST)";
				CODE_SIGN_STYLE = Automatic;
				INFOPLIST_FILE = Homegate_tTests/Info.plist;
				IPHONEOS_DEPLOYMENT_TARGET = 14.5;
				LD_RUNPATH_SEARCH_PATHS = (
					"$(inherited)",
					"@executable_path/Frameworks",
					"@loader_path/Frameworks",
				);
				PRODUCT_BUNDLE_IDENTIFIER = "com.homegate.paja.Homegate-tTests";
				PRODUCT_NAME = "$(TARGET_NAME)";
				SWIFT_VERSION = 5.0;
				TARGETED_DEVICE_FAMILY = "1,2";
				TEST_HOST = "$(BUILT_PRODUCTS_DIR)/Homegate_t.app/Homegate_t";
			};
			name = Release;
		};
/* End XCBuildConfiguration section */

/* Begin XCConfigurationList section */
		2B12B8AC26480A3000097E66 /* Build configuration list for PBXProject "Homegate_t" */ = {
			isa = XCConfigurationList;
			buildConfigurations = (
				2B12B8D926480A3100097E66 /* Debug */,
				2B12B8DA26480A3100097E66 /* Release */,
			);
			defaultConfigurationIsVisible = 0;
			defaultConfigurationName = Release;
		};
		2B12B8DB26480A3100097E66 /* Build configuration list for PBXNativeTarget "Homegate_t" */ = {
			isa = XCConfigurationList;
			buildConfigurations = (
				2B12B8DC26480A3100097E66 /* Debug */,
				2B12B8DD26480A3100097E66 /* Release */,
			);
			defaultConfigurationIsVisible = 0;
			defaultConfigurationName = Release;
		};
		2B12B8DE26480A3100097E66 /* Build configuration list for PBXNativeTarget "Homegate_tTests" */ = {
			isa = XCConfigurationList;
			buildConfigurations = (
				2B12B8DF26480A3100097E66 /* Debug */,
				2B12B8E026480A3100097E66 /* Release */,
			);
			defaultConfigurationIsVisible = 0;
			defaultConfigurationName = Release;
		};
/* End XCConfigurationList section */
	};
	rootObject = 2B12B8A926480A3000097E66 /* Project object */;
}
